
Microsoft Visual Studio Solution File, Format Version 12.00
Project("{2150E333-8FDC-42A3-9474-1A3956D46DE8}") = "client", "client", "{2B187768-8BDF-4172-AAC4-3D5355F295B8}"
EndProject
Project("{2150E333-8FDC-42A3-9474-1A3956D46DE8}") = "src", "src", "{F2D45570-18E3-4E77-963B-3C55197114E3}"
EndProject
Project("{FAE04EC0-301F-11D3-BF4B-00C04F79EFBC}") = "Sample.Application", "src\Sample.Application\Sample.Application.csproj", "{5F6DD833-9FCD-4FF3-975E-DA2D699A1526}"
EndProject
Project("{2150E333-8FDC-42A3-9474-1A3956D46DE8}") = "test", "test", "{F51CD6F3-07DB-4F01-ABDF-1A07F9DDF673}"
EndProject
Project("{FAE04EC0-301F-11D3-BF4B-00C04F79EFBC}") = "Sample.Test.Projects", "test\Sample.Test.Projects\Sample.Test.Projects.csproj", "{8B14AC94-8D12-4822-A6B1-85F6D6010462}"
EndProject
Project("{FAE04EC0-301F-11D3-BF4B-00C04F79EFBC}") = "Sample.Domain", "src\Sample.Domain\Sample.Domain.csproj", "{6489A678-389F-4430-9A93-9EB9E227A515}"
EndProject
Project("{FAE04EC0-301F-11D3-BF4B-00C04F79EFBC}") = "Sample.infrastructure", "src\Sample.infrastructure\Sample.infrastructure.csproj", "{BADC7D19-0C85-4E76-8BFE-FB25BEC50E05}"
EndProject
Project("{2150E333-8FDC-42A3-9474-1A3956D46DE8}") = "presentation", "presentation", "{BFCFE097-CB9D-47F1-B980-71F11524DC1C}"
EndProject
Project("{FAE04EC0-301F-11D3-BF4B-00C04F79EFBC}") = "Sample.WebApi", "src\presentation\Sample.WebApi\Sample.WebApi.csproj", "{9D583836-E83C-4AF4-BD89-20EA512EE1C9}"
EndProject
Project("{FAE04EC0-301F-11D3-BF4B-00C04F79EFBC}") = "Sample.Blazor.Client", "client\Sample.Blazor.Client\Sample.Blazor.Client.csproj", "{F446D450-3FA9-47EE-B08E-85664D23FC56}"
EndProject
Global
	GlobalSection(SolutionConfigurationPlatforms) = preSolution
		Debug|Any CPU = Debug|Any CPU
		Release|Any CPU = Release|Any CPU
	EndGlobalSection
	GlobalSection(ProjectConfigurationPlatforms) = postSolution
		{6D6CD692-C95D-4179-A530-DBF65C47709E}.Debug|Any CPU.ActiveCfg = Debug|Any CPU
		{6D6CD692-C95D-4179-A530-DBF65C47709E}.Debug|Any CPU.Build.0 = Debug|Any CPU
		{6D6CD692-C95D-4179-A530-DBF65C47709E}.Release|Any CPU.ActiveCfg = Release|Any CPU
		{6D6CD692-C95D-4179-A530-DBF65C47709E}.Release|Any CPU.Build.0 = Release|Any CPU
		{5F6DD833-9FCD-4FF3-975E-DA2D699A1526}.Debug|Any CPU.ActiveCfg = Debug|Any CPU
		{5F6DD833-9FCD-4FF3-975E-DA2D699A1526}.Debug|Any CPU.Build.0 = Debug|Any CPU
		{5F6DD833-9FCD-4FF3-975E-DA2D699A1526}.Release|Any CPU.ActiveCfg = Release|Any CPU
		{5F6DD833-9FCD-4FF3-975E-DA2D699A1526}.Release|Any CPU.Build.0 = Release|Any CPU
		{8B14AC94-8D12-4822-A6B1-85F6D6010462}.Debug|Any CPU.ActiveCfg = Debug|Any CPU
		{8B14AC94-8D12-4822-A6B1-85F6D6010462}.Debug|Any CPU.Build.0 = Debug|Any CPU
		{8B14AC94-8D12-4822-A6B1-85F6D6010462}.Release|Any CPU.ActiveCfg = Release|Any CPU
		{8B14AC94-8D12-4822-A6B1-85F6D6010462}.Release|Any CPU.Build.0 = Release|Any CPU
		{6489A678-389F-4430-9A93-9EB9E227A515}.Debug|Any CPU.ActiveCfg = Debug|Any CPU
		{6489A678-389F-4430-9A93-9EB9E227A515}.Debug|Any CPU.Build.0 = Debug|Any CPU
		{6489A678-389F-4430-9A93-9EB9E227A515}.Release|Any CPU.ActiveCfg = Release|Any CPU
		{6489A678-389F-4430-9A93-9EB9E227A515}.Release|Any CPU.Build.0 = Release|Any CPU
		{BADC7D19-0C85-4E76-8BFE-FB25BEC50E05}.Debug|Any CPU.ActiveCfg = Debug|Any CPU
		{BADC7D19-0C85-4E76-8BFE-FB25BEC50E05}.Debug|Any CPU.Build.0 = Debug|Any CPU
		{BADC7D19-0C85-4E76-8BFE-FB25BEC50E05}.Release|Any CPU.ActiveCfg = Release|Any CPU
		{BADC7D19-0C85-4E76-8BFE-FB25BEC50E05}.Release|Any CPU.Build.0 = Release|Any CPU
		{9D583836-E83C-4AF4-BD89-20EA512EE1C9}.Debug|Any CPU.ActiveCfg = Debug|Any CPU
		{9D583836-E83C-4AF4-BD89-20EA512EE1C9}.Debug|Any CPU.Build.0 = Debug|Any CPU
		{9D583836-E83C-4AF4-BD89-20EA512EE1C9}.Release|Any CPU.ActiveCfg = Release|Any CPU
		{9D583836-E83C-4AF4-BD89-20EA512EE1C9}.Release|Any CPU.Build.0 = Release|Any CPU
		{F446D450-3FA9-47EE-B08E-85664D23FC56}.Debug|Any CPU.ActiveCfg = Debug|Any CPU
		{F446D450-3FA9-47EE-B08E-85664D23FC56}.Debug|Any CPU.Build.0 = Debug|Any CPU
		{F446D450-3FA9-47EE-B08E-85664D23FC56}.Release|Any CPU.ActiveCfg = Release|Any CPU
		{F446D450-3FA9-47EE-B08E-85664D23FC56}.Release|Any CPU.Build.0 = Release|Any CPU
	EndGlobalSection
	GlobalSection(NestedProjects) = preSolution
		{6D6CD692-C95D-4179-A530-DBF65C47709E} = {F2D45570-18E3-4E77-963B-3C55197114E3}
		{5F6DD833-9FCD-4FF3-975E-DA2D699A1526} = {F2D45570-18E3-4E77-963B-3C55197114E3}
		{8B14AC94-8D12-4822-A6B1-85F6D6010462} = {F51CD6F3-07DB-4F01-ABDF-1A07F9DDF673}
		{6489A678-389F-4430-9A93-9EB9E227A515} = {F2D45570-18E3-4E77-963B-3C55197114E3}
		{BADC7D19-0C85-4E76-8BFE-FB25BEC50E05} = {F2D45570-18E3-4E77-963B-3C55197114E3}
		{BFCFE097-CB9D-47F1-B980-71F11524DC1C} = {F2D45570-18E3-4E77-963B-3C55197114E3}
		{9D583836-E83C-4AF4-BD89-20EA512EE1C9} = {BFCFE097-CB9D-47F1-B980-71F11524DC1C}
		{F446D450-3FA9-47EE-B08E-85664D23FC56} = {2B187768-8BDF-4172-AAC4-3D5355F295B8}
	EndGlobalSection
EndGlobal
